PODS:
  - AFNetworking (3.2.1):
    - AFNetworking/NSURLSession (= 3.2.1)
    - AFNetworking/Reachability (= 3.2.1)
    - AFNetworking/Security (= 3.2.1)
    - AFNetworking/Serialization (= 3.2.1)
    - AFNetworking/UIKit (= 3.2.1)
  - AFNetworking/NSURLSession (3.2.1):
    - AFNetworking/Reachability
    - AFNetworking/Security
    - AFNetworking/Serialization
  - AFNetworking/Reachability (3.2.1)
  - AFNetworking/Security (3.2.1)
  - AFNetworking/Serialization (3.2.1)
  - AFNetworking/UIKit (3.2.1):
    - AFNetworking/NSURLSession
  - DZNEmptyDataSet (1.8.1)
  - FCUUID (1.3.1):
    - UICKeyChainStore (~> 2.1.0)
  - FLAnimatedImage (1.0.12)
  - HappyDNS (0.3.14)
  - IJKMediaFramework (0.1.2)
  - M80AttributedLabel (1.6.3)
  - Masonry (1.0.2)
  - MJExtension (3.0.15.1)
  - pop (1.0.7)
  - Qiniu (7.2.5):
    - HappyDNS (~> 0.3)
  - RealReachability (1.3.0):
    - RealReachability/Connection (= 1.3.0)
    - RealReachability/Ping (= 1.3.0)
  - RealReachability/Connection (1.3.0)
  - RealReachability/Ping (1.3.0)
  - SDWebImage (4.4.3):
    - SDWebImage/Core (= 4.4.3)
  - SDWebImage/Core (4.4.3)
  - UICKeyChainStore (2.1.2)
  - WechatOpenSDK (1.8.3)
  - zhPopupController (0.1.9)

DEPENDENCIES:
  - AFNetworking
  - DZNEmptyDataSet
  - FCUUID
  - FLAnimatedImage
  - IJKMediaFramework
  - M80AttributedLabel (~> 1.6.3)
  - Masonry (~> 1.0.2)
  - MJExtension
  - pop (from `https://github.com/facebook/pop.git`, commit `203464a89dcf2e15b1ebdd53eb1f82e7d077460c`)
  - Qiniu (~> 7.1)
  - RealReachability
  - SDWebImage
  - WechatOpenSDK
  - zhPopupController (~> 0.1.8)

SPEC REPOS:
  https://github.com/cocoapods/specs.git:
    - AFNetworking
    - DZNEmptyDataSet
    - FCUUID
    - FLAnimatedImage
    - HappyDNS
    - IJKMediaFramework
    - M80AttributedLabel
    - Masonry
    - MJExtension
    - Qiniu
    - RealReachability
    - SDWebImage
    - UICKeyChainStore
    - WechatOpenSDK
    - zhPopupController

EXTERNAL SOURCES:
  pop:
    :commit: 203464a89dcf2e15b1ebdd53eb1f82e7d077460c
    :git: https://github.com/facebook/pop.git

CHECKOUT OPTIONS:
  pop:
    :commit: 203464a89dcf2e15b1ebdd53eb1f82e7d077460c
    :git: https://github.com/facebook/pop.git

SPEC CHECKSUMS:
  AFNetworking: b6f891fdfaed196b46c7a83cf209e09697b94057
  DZNEmptyDataSet: 9525833b9e68ac21c30253e1d3d7076cc828eaa7
  FCUUID: bb054fc90cd7cd99320f9f6ff8e130fe607fba05
  FLAnimatedImage: 4a0b56255d9b05f18b6dd7ee06871be5d3b89e31
  HappyDNS: dc6a164ee81979093123c241c6353bcf0218add6
  IJKMediaFramework: a1df7357a01a11e65568b8d6cd16ca270be01034
  M80AttributedLabel: d06543195d3e451d2ea62ad76d04aa9cea7661d4
  Masonry: 7c429b56da9d4ee0bbb3ed77a5ea710d6a5df39e
  MJExtension: 19bc33ce2eee2d319760f5622562cf581a6ff756
  pop: 628ffc631644601567ee8bfaaaea493ebd7d0923
  Qiniu: 909b408ee489ea54827e9717be90b94bc9dfbc48
  RealReachability: eae9c58d2db52fadd8e1cba4b5d4c028454fbc47
  SDWebImage: c5594f1a19c48d526d321e548902b56b479cd508
  UICKeyChainStore: 85db518bb1d294366d15ec9b92a416c4e670518f
  WechatOpenSDK: 3117412f8aafde4758cac1e8d20b93c67cafcfef
  zhPopupController: 7fb66c3c20c41c3b8d26cabe087e6dc9a0799ba7

PODFILE CHECKSUM: fe4044fafda6b0635ba392898da52024d740ba42

COCOAPODS: 1.5.3
